// !$*UTF8*$!
{
	archiveVersion = 1;
	classes = {
	};
	objectVersion = 46;
	objects = {

/* Begin PBXBuildFile section */
		E23D2765149449EE0053EF37 /* RGIRemoteGameInterface.h in Copy Files */ = {isa = PBXBuildFile; fileRef = E265FA3E148AA449004A1114 /* RGIRemoteGameInterface.h */; };
		E23D2766149449F00053EF37 /* RGIPacket.h in Copy Files */ = {isa = PBXBuildFile; fileRef = E265FA44148AA760004A1114 /* RGIPacket.h */; };
		E23D276814944A570053EF37 /* GCDAsyncSocket.h in CopyFiles */ = {isa = PBXBuildFile; fileRef = E265FA50148ACD17004A1114 /* GCDAsyncSocket.h */; };
		E265FA1F148AA43D004A1114 /* UIKit.framework in Frameworks */ = {isa = PBXBuildFile; fileRef = E265FA1E148AA43D004A1114 /* UIKit.framework */; };
		E265FA21148AA43D004A1114 /* Foundation.framework in Frameworks */ = {isa = PBXBuildFile; fileRef = E265FA20148AA43D004A1114 /* Foundation.framework */; };
		E265FA23148AA43D004A1114 /* CoreGraphics.framework in Frameworks */ = {isa = PBXBuildFile; fileRef = E265FA22148AA43D004A1114 /* CoreGraphics.framework */; };
		E265FA29148AA43D004A1114 /* InfoPlist.strings in Resources */ = {isa = PBXBuildFile; fileRef = E265FA27148AA43D004A1114 /* InfoPlist.strings */; };
		E265FA2B148AA43D004A1114 /* main.m in Sources */ = {isa = PBXBuildFile; fileRef = E265FA2A148AA43D004A1114 /* main.m */; };
		E265FA2F148AA43D004A1114 /* RGIAppDelegate.m in Sources */ = {isa = PBXBuildFile; fileRef = E265FA2E148AA43D004A1114 /* RGIAppDelegate.m */; };
		E265FA3A148AA449004A1114 /* Foundation.framework in Frameworks */ = {isa = PBXBuildFile; fileRef = E265FA20148AA43D004A1114 /* Foundation.framework */; };
		E265FA40148AA449004A1114 /* RGIRemoteGameInterface.m in Sources */ = {isa = PBXBuildFile; fileRef = E265FA3F148AA449004A1114 /* RGIRemoteGameInterface.m */; };
		E265FA4C148ACD17004A1114 /* Foundation.framework in Frameworks */ = {isa = PBXBuildFile; fileRef = E265FA20148AA43D004A1114 /* Foundation.framework */; };
		E265FA52148ACD17004A1114 /* GCDAsyncSocket.m in Sources */ = {isa = PBXBuildFile; fileRef = E265FA51148ACD17004A1114 /* GCDAsyncSocket.m */; };
		E265FA5A148ACD3A004A1114 /* libGCDAsyncSocket.a in Frameworks */ = {isa = PBXBuildFile; fileRef = E265FA4B148ACD17004A1114 /* libGCDAsyncSocket.a */; };
		E265FA5B148ACD3A004A1114 /* libRemoteGameInterface.a in Frameworks */ = {isa = PBXBuildFile; fileRef = E265FA39148AA449004A1114 /* libRemoteGameInterface.a */; };
		E265FA5F148ACE71004A1114 /* RGIPacket.m in Sources */ = {isa = PBXBuildFile; fileRef = E265FA45148AA760004A1114 /* RGIPacket.m */; };
		E265FA64148AFCD6004A1114 /* RGITestViewController.m in Sources */ = {isa = PBXBuildFile; fileRef = E265FA63148AFCD6004A1114 /* RGITestViewController.m */; };
		E265FA66148B0073004A1114 /* CFNetwork.framework in Frameworks */ = {isa = PBXBuildFile; fileRef = E265FA65148B0073004A1114 /* CFNetwork.framework */; };
		E2A300F51492B74C00EE7D2D /* Foundation.framework in Frameworks */ = {isa = PBXBuildFile; fileRef = E265FA20148AA43D004A1114 /* Foundation.framework */; };
		E2A301101492B76A00EE7D2D /* DDAbstractDatabaseLogger.h in Headers */ = {isa = PBXBuildFile; fileRef = E2A301001492B76A00EE7D2D /* DDAbstractDatabaseLogger.h */; };
		E2A301111492B76A00EE7D2D /* DDAbstractDatabaseLogger.m in Sources */ = {isa = PBXBuildFile; fileRef = E2A301011492B76A00EE7D2D /* DDAbstractDatabaseLogger.m */; };
		E2A301121492B76A00EE7D2D /* DDASLLogger.h in Headers */ = {isa = PBXBuildFile; fileRef = E2A301021492B76A00EE7D2D /* DDASLLogger.h */; };
		E2A301131492B76A00EE7D2D /* DDASLLogger.m in Sources */ = {isa = PBXBuildFile; fileRef = E2A301031492B76A00EE7D2D /* DDASLLogger.m */; };
		E2A301141492B76A00EE7D2D /* DDFileLogger.h in Headers */ = {isa = PBXBuildFile; fileRef = E2A301041492B76A00EE7D2D /* DDFileLogger.h */; };
		E2A301151492B76A00EE7D2D /* DDFileLogger.m in Sources */ = {isa = PBXBuildFile; fileRef = E2A301051492B76A00EE7D2D /* DDFileLogger.m */; };
		E2A301161492B76A00EE7D2D /* DDLog.h in Headers */ = {isa = PBXBuildFile; fileRef = E2A301061492B76A00EE7D2D /* DDLog.h */; };
		E2A301171492B76A00EE7D2D /* DDLog.m in Sources */ = {isa = PBXBuildFile; fileRef = E2A301071492B76A00EE7D2D /* DDLog.m */; };
		E2A301181492B76A00EE7D2D /* DDTTYLogger.h in Headers */ = {isa = PBXBuildFile; fileRef = E2A301081492B76A00EE7D2D /* DDTTYLogger.h */; };
		E2A301191492B76A00EE7D2D /* DDTTYLogger.m in Sources */ = {isa = PBXBuildFile; fileRef = E2A301091492B76A00EE7D2D /* DDTTYLogger.m */; };
		E2A3011A1492B76A00EE7D2D /* ContextFilterLogFormatter.h in Headers */ = {isa = PBXBuildFile; fileRef = E2A3010B1492B76A00EE7D2D /* ContextFilterLogFormatter.h */; };
		E2A3011B1492B76A00EE7D2D /* ContextFilterLogFormatter.m in Sources */ = {isa = PBXBuildFile; fileRef = E2A3010C1492B76A00EE7D2D /* ContextFilterLogFormatter.m */; };
		E2A3011C1492B76A00EE7D2D /* DispatchQueueLogFormatter.h in Headers */ = {isa = PBXBuildFile; fileRef = E2A3010D1492B76A00EE7D2D /* DispatchQueueLogFormatter.h */; };
		E2A3011D1492B76A00EE7D2D /* DispatchQueueLogFormatter.m in Sources */ = {isa = PBXBuildFile; fileRef = E2A3010E1492B76A00EE7D2D /* DispatchQueueLogFormatter.m */; };
		E2A301201492B7A100EE7D2D /* libLumberjack.a in Frameworks */ = {isa = PBXBuildFile; fileRef = E2A300F41492B74C00EE7D2D /* libLumberjack.a */; };
/* End PBXBuildFile section */

/* Begin PBXContainerItemProxy section */
		E265FA56148ACD33004A1114 /* PBXContainerItemProxy */ = {
			isa = PBXContainerItemProxy;
			containerPortal = E265FA11148AA43D004A1114 /* Project object */;
			proxyType = 1;
			remoteGlobalIDString = E265FA38148AA449004A1114;
			remoteInfo = RemoteGameInterface;
		};
		E265FA58148ACD33004A1114 /* PBXContainerItemProxy */ = {
			isa = PBXContainerItemProxy;
			containerPortal = E265FA11148AA43D004A1114 /* Project object */;
			proxyType = 1;
			remoteGlobalIDString = E265FA4A148ACD17004A1114;
			remoteInfo = GCDAsyncSocket;
		};
		E265FA5C148ACE4D004A1114 /* PBXContainerItemProxy */ = {
			isa = PBXContainerItemProxy;
			containerPortal = E265FA11148AA43D004A1114 /* Project object */;
			proxyType = 1;
			remoteGlobalIDString = E265FA4A148ACD17004A1114;
			remoteInfo = GCDAsyncSocket;
		};
		E2A3011E1492B79500EE7D2D /* PBXContainerItemProxy */ = {
			isa = PBXContainerItemProxy;
			containerPortal = E265FA11148AA43D004A1114 /* Project object */;
			proxyType = 1;
			remoteGlobalIDString = E2A300F31492B74C00EE7D2D;
			remoteInfo = Lumberjack;
		};
		E2A301211492C6DA00EE7D2D /* PBXContainerItemProxy */ = {
			isa = PBXContainerItemProxy;
			containerPortal = E265FA11148AA43D004A1114 /* Project object */;
			proxyType = 1;
			remoteGlobalIDString = E2A300F31492B74C00EE7D2D;
			remoteInfo = Lumberjack;
		};
/* End PBXContainerItemProxy section */

/* Begin PBXCopyFilesBuildPhase section */
		E23D2764149449CD0053EF37 /* Copy Files */ = {
			isa = PBXCopyFilesBuildPhase;
			buildActionMask = 2147483647;
			dstPath = ../Headers;
			dstSubfolderSpec = 16;
			files = (
				E23D2765149449EE0053EF37 /* RGIRemoteGameInterface.h in Copy Files */,
				E23D2766149449F00053EF37 /* RGIPacket.h in Copy Files */,
			);
			name = "Copy Files";
			runOnlyForDeploymentPostprocessing = 0;
		};
		E23D276714944A4A0053EF37 /* CopyFiles */ = {
			isa = PBXCopyFilesBuildPhase;
			buildActionMask = 2147483647;
			dstPath = ../Headers;
			dstSubfolderSpec = 16;
			files = (
				E23D276814944A570053EF37 /* GCDAsyncSocket.h in CopyFiles */,
			);
			runOnlyForDeploymentPostprocessing = 0;
		};
/* End PBXCopyFilesBuildPhase section */

/* Begin PBXFileReference section */
		E265FA1A148AA43D004A1114 /* RGIApp.app */ = {isa = PBXFileReference; explicitFileType = wrapper.application; includeInIndex = 0; path = RGIApp.app; sourceTree = BUILT_PRODUCTS_DIR; };
		E265FA1E148AA43D004A1114 /* UIKit.framework */ = {isa = PBXFileReference; lastKnownFileType = wrapper.framework; name = UIKit.framework; path = System/Library/Frameworks/UIKit.framework; sourceTree = SDKROOT; };
		E265FA20148AA43D004A1114 /* Foundation.framework */ = {isa = PBXFileReference; lastKnownFileType = wrapper.framework; name = Foundation.framework; path = System/Library/Frameworks/Foundation.framework; sourceTree = SDKROOT; };
		E265FA22148AA43D004A1114 /* CoreGraphics.framework */ = {isa = PBXFileReference; lastKnownFileType = wrapper.framework; name = CoreGraphics.framework; path = System/Library/Frameworks/CoreGraphics.framework; sourceTree = SDKROOT; };
		E265FA26148AA43D004A1114 /* RGIApp-Info.plist */ = {isa = PBXFileReference; lastKnownFileType = text.plist.xml; path = "RGIApp-Info.plist"; sourceTree = "<group>"; };
		E265FA28148AA43D004A1114 /* en */ = {isa = PBXFileReference; lastKnownFileType = text.plist.strings; name = en; path = en.lproj/InfoPlist.strings; sourceTree = "<group>"; };
		E265FA2A148AA43D004A1114 /* main.m */ = {isa = PBXFileReference; lastKnownFileType = sourcecode.c.objc; path = main.m; sourceTree = "<group>"; };
		E265FA2C148AA43D004A1114 /* RGIApp-Prefix.pch */ = {isa = PBXFileReference; lastKnownFileType = sourcecode.c.h; path = "RGIApp-Prefix.pch"; sourceTree = "<group>"; };
		E265FA2D148AA43D004A1114 /* RGIAppDelegate.h */ = {isa = PBXFileReference; lastKnownFileType = sourcecode.c.h; path = RGIAppDelegate.h; sourceTree = "<group>"; };
		E265FA2E148AA43D004A1114 /* RGIAppDelegate.m */ = {isa = PBXFileReference; lastKnownFileType = sourcecode.c.objc; path = RGIAppDelegate.m; sourceTree = "<group>"; };
		E265FA39148AA449004A1114 /* libRemoteGameInterface.a */ = {isa = PBXFileReference; explicitFileType = archive.ar; includeInIndex = 0; path = libRemoteGameInterface.a; sourceTree = BUILT_PRODUCTS_DIR; };
		E265FA3D148AA449004A1114 /* RemoteGameInterface-Prefix.pch */ = {isa = PBXFileReference; lastKnownFileType = sourcecode.c.h; path = "RemoteGameInterface-Prefix.pch"; sourceTree = "<group>"; };
		E265FA3E148AA449004A1114 /* RGIRemoteGameInterface.h */ = {isa = PBXFileReference; lastKnownFileType = sourcecode.c.h; path = RGIRemoteGameInterface.h; sourceTree = "<group>"; };
		E265FA3F148AA449004A1114 /* RGIRemoteGameInterface.m */ = {isa = PBXFileReference; lastKnownFileType = sourcecode.c.objc; path = RGIRemoteGameInterface.m; sourceTree = "<group>"; };
		E265FA44148AA760004A1114 /* RGIPacket.h */ = {isa = PBXFileReference; fileEncoding = 4; lastKnownFileType = sourcecode.c.h; path = RGIPacket.h; sourceTree = "<group>"; };
		E265FA45148AA760004A1114 /* RGIPacket.m */ = {isa = PBXFileReference; fileEncoding = 4; lastKnownFileType = sourcecode.c.objc; path = RGIPacket.m; sourceTree = "<group>"; };
		E265FA4B148ACD17004A1114 /* libGCDAsyncSocket.a */ = {isa = PBXFileReference; explicitFileType = archive.ar; includeInIndex = 0; path = libGCDAsyncSocket.a; sourceTree = BUILT_PRODUCTS_DIR; };
		E265FA4F148ACD17004A1114 /* GCDAsyncSocket-Prefix.pch */ = {isa = PBXFileReference; lastKnownFileType = sourcecode.c.h; path = "GCDAsyncSocket-Prefix.pch"; sourceTree = "<group>"; };
		E265FA50148ACD17004A1114 /* GCDAsyncSocket.h */ = {isa = PBXFileReference; lastKnownFileType = sourcecode.c.h; path = GCDAsyncSocket.h; sourceTree = "<group>"; };
		E265FA51148ACD17004A1114 /* GCDAsyncSocket.m */ = {isa = PBXFileReference; lastKnownFileType = sourcecode.c.objc; path = GCDAsyncSocket.m; sourceTree = "<group>"; };
		E265FA62148AFCD6004A1114 /* RGITestViewController.h */ = {isa = PBXFileReference; fileEncoding = 4; lastKnownFileType = sourcecode.c.h; path = RGITestViewController.h; sourceTree = "<group>"; };
		E265FA63148AFCD6004A1114 /* RGITestViewController.m */ = {isa = PBXFileReference; fileEncoding = 4; lastKnownFileType = sourcecode.c.objc; path = RGITestViewController.m; sourceTree = "<group>"; };
		E265FA65148B0073004A1114 /* CFNetwork.framework */ = {isa = PBXFileReference; lastKnownFileType = wrapper.framework; name = CFNetwork.framework; path = System/Library/Frameworks/CFNetwork.framework; sourceTree = SDKROOT; };
		E2A300F41492B74C00EE7D2D /* libLumberjack.a */ = {isa = PBXFileReference; explicitFileType = archive.ar; includeInIndex = 0; path = libLumberjack.a; sourceTree = BUILT_PRODUCTS_DIR; };
		E2A301001492B76A00EE7D2D /* DDAbstractDatabaseLogger.h */ = {isa = PBXFileReference; fileEncoding = 4; lastKnownFileType = sourcecode.c.h; path = DDAbstractDatabaseLogger.h; sourceTree = "<group>"; };
		E2A301011492B76A00EE7D2D /* DDAbstractDatabaseLogger.m */ = {isa = PBXFileReference; fileEncoding = 4; lastKnownFileType = sourcecode.c.objc; path = DDAbstractDatabaseLogger.m; sourceTree = "<group>"; };
		E2A301021492B76A00EE7D2D /* DDASLLogger.h */ = {isa = PBXFileReference; fileEncoding = 4; lastKnownFileType = sourcecode.c.h; path = DDASLLogger.h; sourceTree = "<group>"; };
		E2A301031492B76A00EE7D2D /* DDASLLogger.m */ = {isa = PBXFileReference; fileEncoding = 4; lastKnownFileType = sourcecode.c.objc; path = DDASLLogger.m; sourceTree = "<group>"; };
		E2A301041492B76A00EE7D2D /* DDFileLogger.h */ = {isa = PBXFileReference; fileEncoding = 4; lastKnownFileType = sourcecode.c.h; path = DDFileLogger.h; sourceTree = "<group>"; };
		E2A301051492B76A00EE7D2D /* DDFileLogger.m */ = {isa = PBXFileReference; fileEncoding = 4; lastKnownFileType = sourcecode.c.objc; path = DDFileLogger.m; sourceTree = "<group>"; };
		E2A301061492B76A00EE7D2D /* DDLog.h */ = {isa = PBXFileReference; fileEncoding = 4; lastKnownFileType = sourcecode.c.h; path = DDLog.h; sourceTree = "<group>"; };
		E2A301071492B76A00EE7D2D /* DDLog.m */ = {isa = PBXFileReference; fileEncoding = 4; lastKnownFileType = sourcecode.c.objc; path = DDLog.m; sourceTree = "<group>"; };
		E2A301081492B76A00EE7D2D /* DDTTYLogger.h */ = {isa = PBXFileReference; fileEncoding = 4; lastKnownFileType = sourcecode.c.h; path = DDTTYLogger.h; sourceTree = "<group>"; };
		E2A301091492B76A00EE7D2D /* DDTTYLogger.m */ = {isa = PBXFileReference; fileEncoding = 4; lastKnownFileType = sourcecode.c.objc; path = DDTTYLogger.m; sourceTree = "<group>"; };
		E2A3010B1492B76A00EE7D2D /* ContextFilterLogFormatter.h */ = {isa = PBXFileReference; fileEncoding = 4; lastKnownFileType = sourcecode.c.h; path = ContextFilterLogFormatter.h; sourceTree = "<group>"; };
		E2A3010C1492B76A00EE7D2D /* ContextFilterLogFormatter.m */ = {isa = PBXFileReference; fileEncoding = 4; lastKnownFileType = sourcecode.c.objc; path = ContextFilterLogFormatter.m; sourceTree = "<group>"; };
		E2A3010D1492B76A00EE7D2D /* DispatchQueueLogFormatter.h */ = {isa = PBXFileReference; fileEncoding = 4; lastKnownFileType = sourcecode.c.h; path = DispatchQueueLogFormatter.h; sourceTree = "<group>"; };
		E2A3010E1492B76A00EE7D2D /* DispatchQueueLogFormatter.m */ = {isa = PBXFileReference; fileEncoding = 4; lastKnownFileType = sourcecode.c.objc; path = DispatchQueueLogFormatter.m; sourceTree = "<group>"; };
		E2A3010F1492B76A00EE7D2D /* README.txt */ = {isa = PBXFileReference; fileEncoding = 4; lastKnownFileType = text; path = README.txt; sourceTree = "<group>"; };
/* End PBXFileReference section */

/* Begin PBXFrameworksBuildPhase section */
		E265FA17148AA43D004A1114 /* Frameworks */ = {
			isa = PBXFrameworksBuildPhase;
			buildActionMask = 2147483647;
			files = (
				E2A301201492B7A100EE7D2D /* libLumberjack.a in Frameworks */,
				E265FA66148B0073004A1114 /* CFNetwork.framework in Frameworks */,
				E265FA5A148ACD3A004A1114 /* libGCDAsyncSocket.a in Frameworks */,
				E265FA5B148ACD3A004A1114 /* libRemoteGameInterface.a in Frameworks */,
				E265FA1F148AA43D004A1114 /* UIKit.framework in Frameworks */,
				E265FA21148AA43D004A1114 /* Foundation.framework in Frameworks */,
				E265FA23148AA43D004A1114 /* CoreGraphics.framework in Frameworks */,
			);
			runOnlyForDeploymentPostprocessing = 0;
		};
		E265FA36148AA449004A1114 /* Frameworks */ = {
			isa = PBXFrameworksBuildPhase;
			buildActionMask = 2147483647;
			files = (
				E265FA3A148AA449004A1114 /* Foundation.framework in Frameworks */,
			);
			runOnlyForDeploymentPostprocessing = 0;
		};
		E265FA48148ACD17004A1114 /* Frameworks */ = {
			isa = PBXFrameworksBuildPhase;
			buildActionMask = 2147483647;
			files = (
				E265FA4C148ACD17004A1114 /* Foundation.framework in Frameworks */,
			);
			runOnlyForDeploymentPostprocessing = 0;
		};
		E2A300F11492B74C00EE7D2D /* Frameworks */ = {
			isa = PBXFrameworksBuildPhase;
			buildActionMask = 2147483647;
			files = (
				E2A300F51492B74C00EE7D2D /* Foundation.framework in Frameworks */,
			);
			runOnlyForDeploymentPostprocessing = 0;
		};
/* End PBXFrameworksBuildPhase section */

/* Begin PBXGroup section */
		E265FA0F148AA43D004A1114 = {
			isa = PBXGroup;
			children = (
				E265FA24148AA43D004A1114 /* RGIApp */,
				E265FA3B148AA449004A1114 /* RemoteGameInterface */,
				E265FA4D148ACD17004A1114 /* GCDAsyncSocket */,
				E2A300F61492B74C00EE7D2D /* Lumberjack */,
				E265FA1D148AA43D004A1114 /* Frameworks */,
				E265FA1B148AA43D004A1114 /* Products */,
			);
			sourceTree = "<group>";
		};
		E265FA1B148AA43D004A1114 /* Products */ = {
			isa = PBXGroup;
			children = (
				E265FA1A148AA43D004A1114 /* RGIApp.app */,
				E265FA39148AA449004A1114 /* libRemoteGameInterface.a */,
				E265FA4B148ACD17004A1114 /* libGCDAsyncSocket.a */,
				E2A300F41492B74C00EE7D2D /* libLumberjack.a */,
			);
			name = Products;
			sourceTree = "<group>";
		};
		E265FA1D148AA43D004A1114 /* Frameworks */ = {
			isa = PBXGroup;
			children = (
				E265FA65148B0073004A1114 /* CFNetwork.framework */,
				E265FA1E148AA43D004A1114 /* UIKit.framework */,
				E265FA20148AA43D004A1114 /* Foundation.framework */,
				E265FA22148AA43D004A1114 /* CoreGraphics.framework */,
			);
			name = Frameworks;
			sourceTree = "<group>";
		};
		E265FA24148AA43D004A1114 /* RGIApp */ = {
			isa = PBXGroup;
			children = (
				E265FA2D148AA43D004A1114 /* RGIAppDelegate.h */,
				E265FA2E148AA43D004A1114 /* RGIAppDelegate.m */,
				E265FA25148AA43D004A1114 /* Supporting Files */,
				E265FA62148AFCD6004A1114 /* RGITestViewController.h */,
				E265FA63148AFCD6004A1114 /* RGITestViewController.m */,
			);
			path = RGIApp;
			sourceTree = "<group>";
		};
		E265FA25148AA43D004A1114 /* Supporting Files */ = {
			isa = PBXGroup;
			children = (
				E265FA26148AA43D004A1114 /* RGIApp-Info.plist */,
				E265FA27148AA43D004A1114 /* InfoPlist.strings */,
				E265FA2A148AA43D004A1114 /* main.m */,
				E265FA2C148AA43D004A1114 /* RGIApp-Prefix.pch */,
			);
			name = "Supporting Files";
			sourceTree = "<group>";
		};
		E265FA3B148AA449004A1114 /* RemoteGameInterface */ = {
			isa = PBXGroup;
			children = (
				E265FA3E148AA449004A1114 /* RGIRemoteGameInterface.h */,
				E265FA3F148AA449004A1114 /* RGIRemoteGameInterface.m */,
				E265FA3C148AA449004A1114 /* Supporting Files */,
				E265FA44148AA760004A1114 /* RGIPacket.h */,
				E265FA45148AA760004A1114 /* RGIPacket.m */,
			);
			path = RemoteGameInterface;
			sourceTree = "<group>";
		};
		E265FA3C148AA449004A1114 /* Supporting Files */ = {
			isa = PBXGroup;
			children = (
				E265FA3D148AA449004A1114 /* RemoteGameInterface-Prefix.pch */,
			);
			name = "Supporting Files";
			sourceTree = "<group>";
		};
		E265FA4D148ACD17004A1114 /* GCDAsyncSocket */ = {
			isa = PBXGroup;
			children = (
				E265FA50148ACD17004A1114 /* GCDAsyncSocket.h */,
				E265FA51148ACD17004A1114 /* GCDAsyncSocket.m */,
				E265FA4E148ACD17004A1114 /* Supporting Files */,
			);
			path = GCDAsyncSocket;
			sourceTree = "<group>";
		};
		E265FA4E148ACD17004A1114 /* Supporting Files */ = {
			isa = PBXGroup;
			children = (
				E265FA4F148ACD17004A1114 /* GCDAsyncSocket-Prefix.pch */,
			);
			name = "Supporting Files";
			sourceTree = "<group>";
		};
		E2A300F61492B74C00EE7D2D /* Lumberjack */ = {
			isa = PBXGroup;
			children = (
				E2A301001492B76A00EE7D2D /* DDAbstractDatabaseLogger.h */,
				E2A301011492B76A00EE7D2D /* DDAbstractDatabaseLogger.m */,
				E2A301021492B76A00EE7D2D /* DDASLLogger.h */,
				E2A301031492B76A00EE7D2D /* DDASLLogger.m */,
				E2A301041492B76A00EE7D2D /* DDFileLogger.h */,
				E2A301051492B76A00EE7D2D /* DDFileLogger.m */,
				E2A301061492B76A00EE7D2D /* DDLog.h */,
				E2A301071492B76A00EE7D2D /* DDLog.m */,
				E2A301081492B76A00EE7D2D /* DDTTYLogger.h */,
				E2A301091492B76A00EE7D2D /* DDTTYLogger.m */,
				E2A3010A1492B76A00EE7D2D /* Extensions */,
			);
			path = Lumberjack;
			sourceTree = "<group>";
		};
		E2A3010A1492B76A00EE7D2D /* Extensions */ = {
			isa = PBXGroup;
			children = (
				E2A3010B1492B76A00EE7D2D /* ContextFilterLogFormatter.h */,
				E2A3010C1492B76A00EE7D2D /* ContextFilterLogFormatter.m */,
				E2A3010D1492B76A00EE7D2D /* DispatchQueueLogFormatter.h */,
				E2A3010E1492B76A00EE7D2D /* DispatchQueueLogFormatter.m */,
				E2A3010F1492B76A00EE7D2D /* README.txt */,
			);
			path = Extensions;
			sourceTree = "<group>";
		};
/* End PBXGroup section */

/* Begin PBXHeadersBuildPhase section */
		E2A300F21492B74C00EE7D2D /* Headers */ = {
			isa = PBXHeadersBuildPhase;
			buildActionMask = 2147483647;
			files = (
				E2A301101492B76A00EE7D2D /* DDAbstractDatabaseLogger.h in Headers */,
				E2A301121492B76A00EE7D2D /* DDASLLogger.h in Headers */,
				E2A301141492B76A00EE7D2D /* DDFileLogger.h in Headers */,
				E2A301161492B76A00EE7D2D /* DDLog.h in Headers */,
				E2A301181492B76A00EE7D2D /* DDTTYLogger.h in Headers */,
				E2A3011A1492B76A00EE7D2D /* ContextFilterLogFormatter.h in Headers */,
				E2A3011C1492B76A00EE7D2D /* DispatchQueueLogFormatter.h in Headers */,
			);
			runOnlyForDeploymentPostprocessing = 0;
		};
/* End PBXHeadersBuildPhase section */

/* Begin PBXNativeTarget section */
		E265FA19148AA43D004A1114 /* RGIApp */ = {
			isa = PBXNativeTarget;
			buildConfigurationList = E265FA32148AA43D004A1114 /* Build configuration list for PBXNativeTarget "RGIApp" */;
			buildPhases = (
				E265FA16148AA43D004A1114 /* Sources */,
				E265FA17148AA43D004A1114 /* Frameworks */,
				E265FA18148AA43D004A1114 /* Resources */,
			);
			buildRules = (
			);
			dependencies = (
				E2A301221492C6DA00EE7D2D /* PBXTargetDependency */,
				E265FA57148ACD33004A1114 /* PBXTargetDependency */,
				E265FA59148ACD33004A1114 /* PBXTargetDependency */,
			);
			name = RGIApp;
			productName = RGIApp;
			productReference = E265FA1A148AA43D004A1114 /* RGIApp.app */;
			productType = "com.apple.product-type.application";
		};
		E265FA38148AA449004A1114 /* RemoteGameInterface */ = {
			isa = PBXNativeTarget;
			buildConfigurationList = E265FA41148AA449004A1114 /* Build configuration list for PBXNativeTarget "RemoteGameInterface" */;
			buildPhases = (
				E23D2764149449CD0053EF37 /* Copy Files */,
				E265FA35148AA449004A1114 /* Sources */,
				E265FA36148AA449004A1114 /* Frameworks */,
			);
			buildRules = (
			);
			dependencies = (
				E265FA5D148ACE4D004A1114 /* PBXTargetDependency */,
			);
			name = RemoteGameInterface;
			productName = RemoteGameInterface;
			productReference = E265FA39148AA449004A1114 /* libRemoteGameInterface.a */;
			productType = "com.apple.product-type.library.static";
		};
		E265FA4A148ACD17004A1114 /* GCDAsyncSocket */ = {
			isa = PBXNativeTarget;
			buildConfigurationList = E265FA53148ACD17004A1114 /* Build configuration list for PBXNativeTarget "GCDAsyncSocket" */;
			buildPhases = (
				E23D276714944A4A0053EF37 /* CopyFiles */,
				E265FA47148ACD17004A1114 /* Sources */,
				E265FA48148ACD17004A1114 /* Frameworks */,
			);
			buildRules = (
			);
			dependencies = (
				E2A3011F1492B79500EE7D2D /* PBXTargetDependency */,
			);
			name = GCDAsyncSocket;
			productName = GCDAsyncSocket;
			productReference = E265FA4B148ACD17004A1114 /* libGCDAsyncSocket.a */;
			productType = "com.apple.product-type.library.static";
		};
		E2A300F31492B74C00EE7D2D /* Lumberjack */ = {
			isa = PBXNativeTarget;
			buildConfigurationList = E2A300FE1492B74D00EE7D2D /* Build configuration list for PBXNativeTarget "Lumberjack" */;
			buildPhases = (
				E2A300F01492B74C00EE7D2D /* Sources */,
				E2A300F11492B74C00EE7D2D /* Frameworks */,
				E2A300F21492B74C00EE7D2D /* Headers */,
			);
			buildRules = (
			);
			dependencies = (
			);
			name = Lumberjack;
			productName = Lumberjack;
			productReference = E2A300F41492B74C00EE7D2D /* libLumberjack.a */;
			productType = "com.apple.product-type.library.static";
		};
/* End PBXNativeTarget section */

/* Begin PBXProject section */
		E265FA11148AA43D004A1114 /* Project object */ = {
			isa = PBXProject;
			attributes = {
				LastUpgradeCheck = 0420;
				ORGANIZATIONNAME = "Bliss Applications";
			};
			buildConfigurationList = E265FA14148AA43D004A1114 /* Build configuration list for PBXProject "RGIApp" */;
			compatibilityVersion = "Xcode 3.2";
			developmentRegion = English;
			hasScannedForEncodings = 0;
			knownRegions = (
				en,
			);
			mainGroup = E265FA0F148AA43D004A1114;
			productRefGroup = E265FA1B148AA43D004A1114 /* Products */;
			projectDirPath = "";
			projectRoot = "";
			targets = (
				E265FA19148AA43D004A1114 /* RGIApp */,
				E265FA38148AA449004A1114 /* RemoteGameInterface */,
				E265FA4A148ACD17004A1114 /* GCDAsyncSocket */,
				E2A300F31492B74C00EE7D2D /* Lumberjack */,
			);
		};
/* End PBXProject section */

/* Begin PBXResourcesBuildPhase section */
		E265FA18148AA43D004A1114 /* Resources */ = {
			isa = PBXResourcesBuildPhase;
			buildActionMask = 2147483647;
			files = (
				E265FA29148AA43D004A1114 /* InfoPlist.strings in Resources */,
			);
			runOnlyForDeploymentPostprocessing = 0;
		};
/* End PBXResourcesBuildPhase section */

/* Begin PBXSourcesBuildPhase section */
		E265FA16148AA43D004A1114 /* Sources */ = {
			isa = PBXSourcesBuildPhase;
			buildActionMask = 2147483647;
			files = (
				E265FA2B148AA43D004A1114 /* main.m in Sources */,
				E265FA2F148AA43D004A1114 /* RGIAppDelegate.m in Sources */,
				E265FA64148AFCD6004A1114 /* RGITestViewController.m in Sources */,
			);
			runOnlyForDeploymentPostprocessing = 0;
		};
		E265FA35148AA449004A1114 /* Sources */ = {
			isa = PBXSourcesBuildPhase;
			buildActionMask = 2147483647;
			files = (
				E265FA40148AA449004A1114 /* RGIRemoteGameInterface.m in Sources */,
				E265FA5F148ACE71004A1114 /* RGIPacket.m in Sources */,
			);
			runOnlyForDeploymentPostprocessing = 0;
		};
		E265FA47148ACD17004A1114 /* Sources */ = {
			isa = PBXSourcesBuildPhase;
			buildActionMask = 2147483647;
			files = (
				E265FA52148ACD17004A1114 /* GCDAsyncSocket.m in Sources */,
			);
			runOnlyForDeploymentPostprocessing = 0;
		};
		E2A300F01492B74C00EE7D2D /* Sources */ = {
			isa = PBXSourcesBuildPhase;
			buildActionMask = 2147483647;
			files = (
				E2A301111492B76A00EE7D2D /* DDAbstractDatabaseLogger.m in Sources */,
				E2A301131492B76A00EE7D2D /* DDASLLogger.m in Sources */,
				E2A301151492B76A00EE7D2D /* DDFileLogger.m in Sources */,
				E2A301171492B76A00EE7D2D /* DDLog.m in Sources */,
				E2A301191492B76A00EE7D2D /* DDTTYLogger.m in Sources */,
				E2A3011B1492B76A00EE7D2D /* ContextFilterLogFormatter.m in Sources */,
				E2A3011D1492B76A00EE7D2D /* DispatchQueueLogFormatter.m in Sources */,
			);
			runOnlyForDeploymentPostprocessing = 0;
		};
/* End PBXSourcesBuildPhase section */

/* Begin PBXTargetDependency section */
		E265FA57148ACD33004A1114 /* PBXTargetDependency */ = {
			isa = PBXTargetDependency;
			target = E265FA38148AA449004A1114 /* RemoteGameInterface */;
			targetProxy = E265FA56148ACD33004A1114 /* PBXContainerItemProxy */;
		};
		E265FA59148ACD33004A1114 /* PBXTargetDependency */ = {
			isa = PBXTargetDependency;
			target = E265FA4A148ACD17004A1114 /* GCDAsyncSocket */;
			targetProxy = E265FA58148ACD33004A1114 /* PBXContainerItemProxy */;
		};
		E265FA5D148ACE4D004A1114 /* PBXTargetDependency */ = {
			isa = PBXTargetDependency;
			target = E265FA4A148ACD17004A1114 /* GCDAsyncSocket */;
			targetProxy = E265FA5C148ACE4D004A1114 /* PBXContainerItemProxy */;
		};
		E2A3011F1492B79500EE7D2D /* PBXTargetDependency */ = {
			isa = PBXTargetDependency;
			target = E2A300F31492B74C00EE7D2D /* Lumberjack */;
			targetProxy = E2A3011E1492B79500EE7D2D /* PBXContainerItemProxy */;
		};
		E2A301221492C6DA00EE7D2D /* PBXTargetDependency */ = {
			isa = PBXTargetDependency;
			target = E2A300F31492B74C00EE7D2D /* Lumberjack */;
			targetProxy = E2A301211492C6DA00EE7D2D /* PBXContainerItemProxy */;
		};
/* End PBXTargetDependency section */

/* Begin PBXVariantGroup section */
		E265FA27148AA43D004A1114 /* InfoPlist.strings */ = {
			isa = PBXVariantGroup;
			children = (
				E265FA28148AA43D004A1114 /* en */,
			);
			name = InfoPlist.strings;
			sourceTree = "<group>";
		};
/* End PBXVariantGroup section */

/* Begin XCBuildConfiguration section */
		E265FA30148AA43D004A1114 /* Debug */ = {
			isa = XCBuildConfiguration;
			buildSettings = {
				ALWAYS_SEARCH_USER_PATHS = NO;
				"ARCHS[sdk=iphoneos*]" = (
					armv7,
					armv6,
				);
				"CODE_SIGN_IDENTITY[sdk=iphoneos*]" = "iPhone Developer";
				COPY_PHASE_STRIP = NO;
				GCC_C_LANGUAGE_STANDARD = gnu99;
				GCC_DYNAMIC_NO_PIC = NO;
				GCC_OPTIMIZATION_LEVEL = 0;
				GCC_PREPROCESSOR_DEFINITIONS = (
					"DEBUG=1",
					"$(inherited)",
				);
				GCC_SYMBOLS_PRIVATE_EXTERN = NO;
				GCC_VERSION = com.apple.compilers.llvm.clang.1_0;
				GCC_WARN_ABOUT_MISSING_PROTOTYPES = YES;
				GCC_WARN_ABOUT_RETURN_TYPE = YES;
				GCC_WARN_UNUSED_VARIABLE = YES;
				IPHONEOS_DEPLOYMENT_TARGET = 3.0;
				SDKROOT = iphoneos;
				TARGETED_DEVICE_FAMILY = "1,2";
			};
			name = Debug;
		};
		E265FA31148AA43D004A1114 /* Release */ = {
			isa = XCBuildConfiguration;
			buildSettings = {
				ALWAYS_SEARCH_USER_PATHS = NO;
				"ARCHS[sdk=iphoneos*]" = (
					armv7,
					armv6,
				);
				"CODE_SIGN_IDENTITY[sdk=iphoneos*]" = "iPhone Developer";
				COPY_PHASE_STRIP = YES;
				GCC_C_LANGUAGE_STANDARD = gnu99;
				GCC_VERSION = com.apple.compilers.llvm.clang.1_0;
				GCC_WARN_ABOUT_MISSING_PROTOTYPES = YES;
				GCC_WARN_ABOUT_RETURN_TYPE = YES;
				GCC_WARN_UNUSED_VARIABLE = YES;
				IPHONEOS_DEPLOYMENT_TARGET = 3.0;
				OTHER_CFLAGS = "-DNS_BLOCK_ASSERTIONS=1";
				SDKROOT = iphoneos;
				TARGETED_DEVICE_FAMILY = "1,2";
				VALIDATE_PRODUCT = YES;
			};
			name = Release;
		};
		E265FA33148AA43D004A1114 /* Debug */ = {
			isa = XCBuildConfiguration;
			buildSettings = {
				GCC_PRECOMPILE_PREFIX_HEADER = YES;
				GCC_PREFIX_HEADER = "RGIApp/RGIApp-Prefix.pch";
				INFOPLIST_FILE = "RGIApp/RGIApp-Info.plist";
				PRODUCT_NAME = "$(TARGET_NAME)";
				WRAPPER_EXTENSION = app;
			};
			name = Debug;
		};
		E265FA34148AA43D004A1114 /* Release */ = {
			isa = XCBuildConfiguration;
			buildSettings = {
				GCC_PRECOMPILE_PREFIX_HEADER = YES;
				GCC_PREFIX_HEADER = "RGIApp/RGIApp-Prefix.pch";
				INFOPLIST_FILE = "RGIApp/RGIApp-Info.plist";
				PRODUCT_NAME = "$(TARGET_NAME)";
				WRAPPER_EXTENSION = app;
			};
			name = Release;
		};
		E265FA42148AA449004A1114 /* Debug */ = {
			isa = XCBuildConfiguration;
			buildSettings = {
				DSTROOT = /tmp/RemoteGameInterface.dst;
				GCC_PRECOMPILE_PREFIX_HEADER = NO;
				OTHER_LDFLAGS = "-ObjC";
				PRODUCT_NAME = "$(TARGET_NAME)";
				SKIP_INSTALL = YES;
			};
			name = Debug;
		};
		E265FA43148AA449004A1114 /* Release */ = {
			isa = XCBuildConfiguration;
			buildSettings = {
				DSTROOT = /tmp/RemoteGameInterface.dst;
				GCC_PRECOMPILE_PREFIX_HEADER = NO;
				OTHER_LDFLAGS = "-ObjC";
				PRODUCT_NAME = "$(TARGET_NAME)";
				SKIP_INSTALL = YES;
			};
			name = Release;
		};
		E265FA54148ACD17004A1114 /* Debug */ = {
			isa = XCBuildConfiguration;
			buildSettings = {
				DSTROOT = /tmp/GCDAsyncSocket.dst;
				GCC_PRECOMPILE_PREFIX_HEADER = NO;
				OTHER_LDFLAGS = "-ObjC";
				PRODUCT_NAME = "$(TARGET_NAME)";
				SKIP_INSTALL = YES;
			};
			name = Debug;
		};
		E265FA55148ACD17004A1114 /* Release */ = {
			isa = XCBuildConfiguration;
			buildSettings = {
				DSTROOT = /tmp/GCDAsyncSocket.dst;
				GCC_PRECOMPILE_PREFIX_HEADER = NO;
				OTHER_LDFLAGS = "-ObjC";
				PRODUCT_NAME = "$(TARGET_NAME)";
				SKIP_INSTALL = YES;
			};
			name = Release;
		};
		E2A300FC1492B74D00EE7D2D /* Debug */ = {
			isa = XCBuildConfiguration;
			buildSettings = {
				DSTROOT = /tmp/Lumberjack.dst;
				GCC_PRECOMPILE_PREFIX_HEADER = NO;
				OTHER_LDFLAGS = "-ObjC";
				PRODUCT_NAME = "$(TARGET_NAME)";
				SKIP_INSTALL = YES;
			};
			name = Debug;
		};
		E2A300FD1492B74D00EE7D2D /* Release */ = {
			isa = XCBuildConfiguration;
			buildSettings = {
				DSTROOT = /tmp/Lumberjack.dst;
				GCC_PRECOMPILE_PREFIX_HEADER = NO;
				OTHER_LDFLAGS = "-ObjC";
				PRODUCT_NAME = "$(TARGET_NAME)";
				SKIP_INSTALL = YES;
			};
			name = Release;
		};
/* End XCBuildConfiguration section */

/* Begin XCConfigurationList section */
		E265FA14148AA43D004A1114 /* Build configuration list for PBXProject "RGIApp" */ = {
			isa = XCConfigurationList;
			buildConfigurations = (
				E265FA30148AA43D004A1114 /* Debug */,
				E265FA31148AA43D004A1114 /* Release */,
			);
			defaultConfigurationIsVisible = 0;
			defaultConfigurationName = Release;
		};
		E265FA32148AA43D004A1114 /* Build configuration list for PBXNativeTarget "RGIApp" */ = {
			isa = XCConfigurationList;
			buildConfigurations = (
				E265FA33148AA43D004A1114 /* Debug */,
				E265FA34148AA43D004A1114 /* Release */,
			);
			defaultConfigurationIsVisible = 0;
			defaultConfigurationName = Release;
		};
		E265FA41148AA449004A1114 /* Build configuration list for PBXNativeTarget "RemoteGameInterface" */ = {
			isa = XCConfigurationList;
			buildConfigurations = (
				E265FA42148AA449004A1114 /* Debug */,
				E265FA43148AA449004A1114 /* Release */,
			);
			defaultConfigurationIsVisible = 0;
			defaultConfigurationName = Release;
		};
		E265FA53148ACD17004A1114 /* Build configuration list for PBXNativeTarget "GCDAsyncSocket" */ = {
			isa = XCConfigurationList;
			buildConfigurations = (
				E265FA54148ACD17004A1114 /* Debug */,
				E265FA55148ACD17004A1114 /* Release */,
			);
			defaultConfigurationIsVisible = 0;
			defaultConfigurationName = Release;
		};
		E2A300FE1492B74D00EE7D2D /* Build configuration list for PBXNativeTarget "Lumberjack" */ = {
			isa = XCConfigurationList;
			buildConfigurations = (
				E2A300FC1492B74D00EE7D2D /* Debug */,
				E2A300FD1492B74D00EE7D2D /* Release */,
			);
			defaultConfigurationIsVisible = 0;
			defaultConfigurationName = Release;
		};
/* End XCConfigurationList section */
	};
	rootObject = E265FA11148AA43D004A1114 /* Project object */;
}
